
Microsoft Visual Studio Solution File, Format Version 12.00
# Visual Studio 15
VisualStudioVersion = 15.0.28307.645
MinimumVisualStudioVersion = 10.0.40219.1
Project("{8BC9CEB8-8B4A-11D0-8D11-00A0C91BC942}") = "Paxel", "Paxel\Paxel.vcxproj", "{ABC86BB9-2D47-4530-9DD1-70CCA6711C4D}"
EndProject
Project("{8BC9CEB8-8B4A-11D0-8D11-00A0C91BC942}") = "Sandbox", "Sandbox\Sandbox.vcxproj", "{7F9E3EBB-5960-47B3-8E87-553359978483}"
EndProject
Global
	GlobalSection(SolutionConfigurationPlatforms) = preSolution
		Debug|x64 = Debug|x64
		Debug|x86 = Debug|x86
		Release|x64 = Release|x64
		Release|x86 = Release|x86
	EndGlobalSection
	GlobalSection(ProjectConfigurationPlatforms) = postSolution
		{ABC86BB9-2D47-4530-9DD1-70CCA6711C4D}.Debug|x64.ActiveCfg = Debug|x64
		{ABC86BB9-2D47-4530-9DD1-70CCA6711C4D}.Debug|x64.Build.0 = Debug|x64
		{ABC86BB9-2D47-4530-9DD1-70CCA6711C4D}.Debug|x86.ActiveCfg = Debug|Win32
		{ABC86BB9-2D47-4530-9DD1-70CCA6711C4D}.Debug|x86.Build.0 = Debug|Win32
		{ABC86BB9-2D47-4530-9DD1-70CCA6711C4D}.Release|x64.ActiveCfg = Release|x64
		{ABC86BB9-2D47-4530-9DD1-70CCA6711C4D}.Release|x64.Build.0 = Release|x64
		{ABC86BB9-2D47-4530-9DD1-70CCA6711C4D}.Release|x86.ActiveCfg = Release|Win32
		{ABC86BB9-2D47-4530-9DD1-70CCA6711C4D}.Release|x86.Build.0 = Release|Win32
		{7F9E3EBB-5960-47B3-8E87-553359978483}.Debug|x64.ActiveCfg = Debug|x64
		{7F9E3EBB-5960-47B3-8E87-553359978483}.Debug|x64.Build.0 = Debug|x64
		{7F9E3EBB-5960-47B3-8E87-553359978483}.Debug|x86.ActiveCfg = Debug|Win32
		{7F9E3EBB-5960-47B3-8E87-553359978483}.Debug|x86.Build.0 = Debug|Win32
		{7F9E3EBB-5960-47B3-8E87-553359978483}.Release|x64.ActiveCfg = Release|x64
		{7F9E3EBB-5960-47B3-8E87-553359978483}.Release|x64.Build.0 = Release|x64
		{7F9E3EBB-5960-47B3-8E87-553359978483}.Release|x86.ActiveCfg = Release|Win32
		{7F9E3EBB-5960-47B3-8E87-553359978483}.Release|x86.Build.0 = Release|Win32
	EndGlobalSection
	GlobalSection(SolutionProperties) = preSolution
		HideSolutionNode = FALSE
	EndGlobalSection
	GlobalSection(ExtensibilityGlobals) = postSolution
		SolutionGuid = {4EDD680B-CD75-4AEE-845B-D6BFF38B9126}
	EndGlobalSection
EndGlobal
